
Microsoft Visual Studio Solution File, Format Version 12.00
# Visual Studio Version 17
VisualStudioVersion = 17.13.35931.197
MinimumVisualStudioVersion = 10.0.40219.1
Project("{FAE04EC0-301F-11D3-BF4B-00C04F79EFBC}") = "NetWelcomeProject", "NetWelcomeProject\NetWelcomeProject.csproj", "{8E2491FF-5778-4F74-A2A5-60CF783163A4}"
EndProject
Project("{FAE04EC0-301F-11D3-BF4B-00C04F79EFBC}") = "NetOperationsProject", "NetOperationsProject\NetOperationsProject.csproj", "{34D5408E-51C7-4DAC-90E1-40D8FBFAAAB6}"
EndProject
Global
	GlobalSection(SolutionConfigurationPlatforms) = preSolution
		Debug|Any CPU = Debug|Any CPU
		Release|Any CPU = Release|Any CPU
	EndGlobalSection
	GlobalSection(ProjectConfigurationPlatforms) = postSolution
		{8E2491FF-5778-4F74-A2A5-60CF783163A4}.Debug|Any CPU.ActiveCfg = Debug|Any CPU
		{8E2491FF-5778-4F74-A2A5-60CF783163A4}.Debug|Any CPU.Build.0 = Debug|Any CPU
		{8E2491FF-5778-4F74-A2A5-60CF783163A4}.Release|Any CPU.ActiveCfg = Release|Any CPU
		{8E2491FF-5778-4F74-A2A5-60CF783163A4}.Release|Any CPU.Build.0 = Release|Any CPU
		{34D5408E-51C7-4DAC-90E1-40D8FBFAAAB6}.Debug|Any CPU.ActiveCfg = Debug|Any CPU
		{34D5408E-51C7-4DAC-90E1-40D8FBFAAAB6}.Debug|Any CPU.Build.0 = Debug|Any CPU
		{34D5408E-51C7-4DAC-90E1-40D8FBFAAAB6}.Release|Any CPU.ActiveCfg = Release|Any CPU
		{34D5408E-51C7-4DAC-90E1-40D8FBFAAAB6}.Release|Any CPU.Build.0 = Release|Any CPU
	EndGlobalSection
	GlobalSection(SolutionProperties) = preSolution
		HideSolutionNode = FALSE
	EndGlobalSection
	GlobalSection(ExtensibilityGlobals) = postSolution
		SolutionGuid = {16D47864-51AC-4DD6-A201-4C6723FCEFD6}
	EndGlobalSection
EndGlobal
