
Microsoft Visual Studio Solution File, Format Version 12.00
# Visual Studio Version 17
VisualStudioVersion = 17.13.35931.197
MinimumVisualStudioVersion = 10.0.40219.1
Project("{9A19103F-16F7-4668-BE54-9A1E7A4F7556}") = "NetWelcomeProject", "NetWelcomeProject\NetWelcomeProject.csproj", "{8E2491FF-5778-4F74-A2A5-60CF783163A4}"
EndProject
Project("{9A19103F-16F7-4668-BE54-9A1E7A4F7556}") = "NetOperationsProject", "NetOperationsProject\NetOperationsProject.csproj", "{34D5408E-51C7-4DAC-90E1-40D8FBFAAAB6}"
EndProject
Project("{9A19103F-16F7-4668-BE54-9A1E7A4F7556}") = "NetArraysProject", "NetArraysProject\NetArraysProject.csproj", "{09370A99-7C93-4CE9-B1FD-2D2CFC5B2C2C}"
EndProject
Project("{9A19103F-16F7-4668-BE54-9A1E7A4F7556}") = "NetMethodsFuncsProject", "NetMethodsFuncsProject\NetMethodsFuncsProject.csproj", "{37365BD2-0F91-4BDA-8AB0-DC256C17644E}"
EndProject
Project("{FAE04EC0-301F-11D3-BF4B-00C04F79EFBC}") = "NetDataStructuresProject", "NetDataStructuresProject\NetDataStructuresProject.csproj", "{B2F0B7D3-B564-4887-9D6F-4704481AFE39}"
EndProject
Global
	GlobalSection(SolutionConfigurationPlatforms) = preSolution
		Debug|Any CPU = Debug|Any CPU
		Release|Any CPU = Release|Any CPU
	EndGlobalSection
	GlobalSection(ProjectConfigurationPlatforms) = postSolution
		{8E2491FF-5778-4F74-A2A5-60CF783163A4}.Debug|Any CPU.ActiveCfg = Debug|Any CPU
		{8E2491FF-5778-4F74-A2A5-60CF783163A4}.Debug|Any CPU.Build.0 = Debug|Any CPU
		{8E2491FF-5778-4F74-A2A5-60CF783163A4}.Release|Any CPU.ActiveCfg = Release|Any CPU
		{8E2491FF-5778-4F74-A2A5-60CF783163A4}.Release|Any CPU.Build.0 = Release|Any CPU
		{34D5408E-51C7-4DAC-90E1-40D8FBFAAAB6}.Debug|Any CPU.ActiveCfg = Debug|Any CPU
		{34D5408E-51C7-4DAC-90E1-40D8FBFAAAB6}.Debug|Any CPU.Build.0 = Debug|Any CPU
		{34D5408E-51C7-4DAC-90E1-40D8FBFAAAB6}.Release|Any CPU.ActiveCfg = Release|Any CPU
		{34D5408E-51C7-4DAC-90E1-40D8FBFAAAB6}.Release|Any CPU.Build.0 = Release|Any CPU
		{09370A99-7C93-4CE9-B1FD-2D2CFC5B2C2C}.Debug|Any CPU.ActiveCfg = Debug|Any CPU
		{09370A99-7C93-4CE9-B1FD-2D2CFC5B2C2C}.Debug|Any CPU.Build.0 = Debug|Any CPU
		{09370A99-7C93-4CE9-B1FD-2D2CFC5B2C2C}.Release|Any CPU.ActiveCfg = Release|Any CPU
		{09370A99-7C93-4CE9-B1FD-2D2CFC5B2C2C}.Release|Any CPU.Build.0 = Release|Any CPU
		{37365BD2-0F91-4BDA-8AB0-DC256C17644E}.Debug|Any CPU.ActiveCfg = Debug|Any CPU
		{37365BD2-0F91-4BDA-8AB0-DC256C17644E}.Debug|Any CPU.Build.0 = Debug|Any CPU
		{37365BD2-0F91-4BDA-8AB0-DC256C17644E}.Release|Any CPU.ActiveCfg = Release|Any CPU
		{37365BD2-0F91-4BDA-8AB0-DC256C17644E}.Release|Any CPU.Build.0 = Release|Any CPU
		{B2F0B7D3-B564-4887-9D6F-4704481AFE39}.Debug|Any CPU.ActiveCfg = Debug|Any CPU
		{B2F0B7D3-B564-4887-9D6F-4704481AFE39}.Debug|Any CPU.Build.0 = Debug|Any CPU
		{B2F0B7D3-B564-4887-9D6F-4704481AFE39}.Release|Any CPU.ActiveCfg = Release|Any CPU
		{B2F0B7D3-B564-4887-9D6F-4704481AFE39}.Release|Any CPU.Build.0 = Release|Any CPU
	EndGlobalSection
	GlobalSection(SolutionProperties) = preSolution
		HideSolutionNode = FALSE
	EndGlobalSection
	GlobalSection(ExtensibilityGlobals) = postSolution
		SolutionGuid = {16D47864-51AC-4DD6-A201-4C6723FCEFD6}
	EndGlobalSection
EndGlobal
